
Microsoft Visual Studio Solution File, Format Version 11.00
# Visual Studio 2010
Project("{FAE04EC0-301F-11D3-BF4B-00C04F79EFBC}") = "DeployingMVCAppsToAzure", "DeployingMVCAppsToAzure\DeployingMVCAppsToAzure.csproj", "{D632BD21-B8CA-4F69-880A-7EB35153E2E5}"
EndProject
Project("{CC5FD16D-436D-48AD-A40C-5A424C6E3E79}") = "DeployingMVCAppsToAzure.Cloud", "DeployingMVCAppsToAzure.Cloud\DeployingMVCAppsToAzure.Cloud.ccproj", "{A228D730-5826-432A-B239-124B7F23BD57}"
EndProject
Global
	GlobalSection(SolutionConfigurationPlatforms) = preSolution
		Debug|Any CPU = Debug|Any CPU
		Release|Any CPU = Release|Any CPU
	EndGlobalSection
	GlobalSection(ProjectConfigurationPlatforms) = postSolution
		{D632BD21-B8CA-4F69-880A-7EB35153E2E5}.Debug|Any CPU.ActiveCfg = Debug|Any CPU
		{D632BD21-B8CA-4F69-880A-7EB35153E2E5}.Debug|Any CPU.Build.0 = Debug|Any CPU
		{D632BD21-B8CA-4F69-880A-7EB35153E2E5}.Release|Any CPU.ActiveCfg = Release|Any CPU
		{D632BD21-B8CA-4F69-880A-7EB35153E2E5}.Release|Any CPU.Build.0 = Release|Any CPU
		{A228D730-5826-432A-B239-124B7F23BD57}.Debug|Any CPU.ActiveCfg = Debug|Any CPU
		{A228D730-5826-432A-B239-124B7F23BD57}.Debug|Any CPU.Build.0 = Debug|Any CPU
		{A228D730-5826-432A-B239-124B7F23BD57}.Release|Any CPU.ActiveCfg = Release|Any CPU
		{A228D730-5826-432A-B239-124B7F23BD57}.Release|Any CPU.Build.0 = Release|Any CPU
	EndGlobalSection
	GlobalSection(SolutionProperties) = preSolution
		HideSolutionNode = FALSE
	EndGlobalSection
EndGlobal
