
Microsoft Visual Studio Solution File, Format Version 11.00
# Visual Studio 2010
Project("{CC5FD16D-436D-48AD-A40C-5A424C6E3E79}") = "WindowsAzureStorageDemo", "WindowsAzureStorageDemo\WindowsAzureStorageDemo.ccproj", "{9072B634-EA53-4AF5-A726-228CAAE8E08F}"
EndProject
Project("{FAE04EC0-301F-11D3-BF4B-00C04F79EFBC}") = "StorageSite", "StorageSite\StorageSite.csproj", "{D331AF9B-2B39-4EF0-98AF-C9A1FB4C5B5D}"
EndProject
Global
	GlobalSection(SolutionConfigurationPlatforms) = preSolution
		Debug|Any CPU = Debug|Any CPU
		Release|Any CPU = Release|Any CPU
	EndGlobalSection
	GlobalSection(ProjectConfigurationPlatforms) = postSolution
		{9072B634-EA53-4AF5-A726-228CAAE8E08F}.Debug|Any CPU.ActiveCfg = Debug|Any CPU
		{9072B634-EA53-4AF5-A726-228CAAE8E08F}.Debug|Any CPU.Build.0 = Debug|Any CPU
		{9072B634-EA53-4AF5-A726-228CAAE8E08F}.Release|Any CPU.ActiveCfg = Release|Any CPU
		{9072B634-EA53-4AF5-A726-228CAAE8E08F}.Release|Any CPU.Build.0 = Release|Any CPU
		{D331AF9B-2B39-4EF0-98AF-C9A1FB4C5B5D}.Debug|Any CPU.ActiveCfg = Debug|Any CPU
		{D331AF9B-2B39-4EF0-98AF-C9A1FB4C5B5D}.Debug|Any CPU.Build.0 = Debug|Any CPU
		{D331AF9B-2B39-4EF0-98AF-C9A1FB4C5B5D}.Release|Any CPU.ActiveCfg = Release|Any CPU
		{D331AF9B-2B39-4EF0-98AF-C9A1FB4C5B5D}.Release|Any CPU.Build.0 = Release|Any CPU
	EndGlobalSection
	GlobalSection(SolutionProperties) = preSolution
		HideSolutionNode = FALSE
	EndGlobalSection
EndGlobal
