
Microsoft Visual Studio Solution File, Format Version 12.00
# Visual Studio 11
Project("{FAE04EC0-301F-11D3-BF4B-00C04F79EFBC}") = "SkeletonTrackingServer", "SkeletonTrackingServer\SkeletonTrackingServer.csproj", "{EF39AF96-B83A-4D70-9847-B17C3FDE7B37}"
EndProject
Project("{FAE04EC0-301F-11D3-BF4B-00C04F79EFBC}") = "SkeletonTrackingClient", "SkeletonTrackingClient\SkeletonTrackingClient.csproj", "{1AFA942D-5847-48CA-9F91-1C7B0CAFAB63}"
EndProject
Global
	GlobalSection(SolutionConfigurationPlatforms) = preSolution
		Debug|Any CPU = Debug|Any CPU
		Release|Any CPU = Release|Any CPU
	EndGlobalSection
	GlobalSection(ProjectConfigurationPlatforms) = postSolution
		{1AFA942D-5847-48CA-9F91-1C7B0CAFAB63}.Debug|Any CPU.ActiveCfg = Debug|Any CPU
		{1AFA942D-5847-48CA-9F91-1C7B0CAFAB63}.Debug|Any CPU.Build.0 = Debug|Any CPU
		{1AFA942D-5847-48CA-9F91-1C7B0CAFAB63}.Release|Any CPU.ActiveCfg = Release|Any CPU
		{1AFA942D-5847-48CA-9F91-1C7B0CAFAB63}.Release|Any CPU.Build.0 = Release|Any CPU
		{EF39AF96-B83A-4D70-9847-B17C3FDE7B37}.Debug|Any CPU.ActiveCfg = Debug|Any CPU
		{EF39AF96-B83A-4D70-9847-B17C3FDE7B37}.Debug|Any CPU.Build.0 = Debug|Any CPU
		{EF39AF96-B83A-4D70-9847-B17C3FDE7B37}.Release|Any CPU.ActiveCfg = Release|Any CPU
		{EF39AF96-B83A-4D70-9847-B17C3FDE7B37}.Release|Any CPU.Build.0 = Release|Any CPU
	EndGlobalSection
	GlobalSection(SolutionProperties) = preSolution
		HideSolutionNode = FALSE
	EndGlobalSection
EndGlobal
