
Microsoft Visual Studio Solution File, Format Version 12.00
# Visual Studio 11
Project("{FAE04EC0-301F-11D3-BF4B-00C04F79EFBC}") = "Pinning", "Pinning\Pinning.csproj", "{66D6829F-5EA8-4A30-80B0-2B0F0400DD62}"
EndProject
Global
	GlobalSection(SolutionConfigurationPlatforms) = preSolution
		Debug|Any CPU = Debug|Any CPU
		Release|Any CPU = Release|Any CPU
	EndGlobalSection
	GlobalSection(ProjectConfigurationPlatforms) = postSolution
		{66D6829F-5EA8-4A30-80B0-2B0F0400DD62}.Debug|Any CPU.ActiveCfg = Debug|Any CPU
		{66D6829F-5EA8-4A30-80B0-2B0F0400DD62}.Debug|Any CPU.Build.0 = Debug|Any CPU
		{66D6829F-5EA8-4A30-80B0-2B0F0400DD62}.Release|Any CPU.ActiveCfg = Release|Any CPU
		{66D6829F-5EA8-4A30-80B0-2B0F0400DD62}.Release|Any CPU.Build.0 = Release|Any CPU
	EndGlobalSection
	GlobalSection(SolutionProperties) = preSolution
		HideSolutionNode = FALSE
	EndGlobalSection
EndGlobal
